// !$*UTF8*$!
{
	archiveVersion = 1;
	classes = {
	};
	objectVersion = 46;
	objects = {

/* Begin PBXBuildFile section */
		D26E297E1CB202C400A30681 /* main.cpp in Sources */ = {isa = PBXBuildFile; fileRef = D26E297D1CB202C400A30681 /* main.cpp */; };
		D26E29851CB202E300A30681 /* OpenGL.framework in Frameworks */ = {isa = PBXBuildFile; fileRef = D26E29841CB202E300A30681 /* OpenGL.framework */; };
		D26E29871CB202E800A30681 /* GLUT.framework in Frameworks */ = {isa = PBXBuildFile; fileRef = D26E29861CB202E800A30681 /* GLUT.framework */; };
/* End PBXBuildFile section */

/* Begin PBXCopyFilesBuildPhase section */
		D26E29781CB202C400A30681 /* CopyFiles */ = {
			isa = PBXCopyFilesBuildPhase;
			buildActionMask = 2147483647;
			dstPath = /usr/share/man/man1/;
			dstSubfolderSpec = 0;
			files = (
			);
			runOnlyForDeploymentPostprocessing = 1;
		};
/* End PBXCopyFilesBuildPhase section */

/* Begin PBXFileReference section */
		D26E297A1CB202C400A30681 /* week05 */ = {isa = PBXFileReference; explicitFileType = "compiled.mach-o.executable"; includeInIndex = 0; path = week05; sourceTree = BUILT_PRODUCTS_DIR; };
		D26E297D1CB202C400A30681 /* main.cpp */ = {isa = PBXFileReference; lastKnownFileType = sourcecode.cpp.cpp; path = main.cpp; sourceTree = "<group>"; };
		D26E29841CB202E300A30681 /* OpenGL.framework */ = {isa = PBXFileReference; lastKnownFileType = wrapper.framework; name = OpenGL.framework; path = System/Library/Frameworks/OpenGL.framework; sourceTree = SDKROOT; };
		D26E29861CB202E800A30681 /* GLUT.framework */ = {isa = PBXFileReference; lastKnownFileType = wrapper.framework; name = GLUT.framework; path = System/Library/Frameworks/GLUT.framework; sourceTree = SDKROOT; };
		D26E29891CB203C600A30681 /* cube.obj */ = {isa = PBXFileReference; fileEncoding = 4; lastKnownFileType = text; path = cube.obj; sourceTree = "<group>"; };
/* End PBXFileReference section */

/* Begin PBXFrameworksBuildPhase section */
		D26E29771CB202C400A30681 /* Frameworks */ = {
			isa = PBXFrameworksBuildPhase;
			buildActionMask = 2147483647;
			files = (
				D26E29871CB202E800A30681 /* GLUT.framework in Frameworks */,
				D26E29851CB202E300A30681 /* OpenGL.framework in Frameworks */,
			);
			runOnlyForDeploymentPostprocessing = 0;
		};
/* End PBXFrameworksBuildPhase section */

/* Begin PBXGroup section */
		D26E29711CB202C400A30681 = {
			isa = PBXGroup;
			children = (
				D26E29861CB202E800A30681 /* GLUT.framework */,
				D26E29841CB202E300A30681 /* OpenGL.framework */,
				D26E297C1CB202C400A30681 /* week05 */,
				D26E297B1CB202C400A30681 /* Products */,
			);
			sourceTree = "<group>";
		};
		D26E297B1CB202C400A30681 /* Products */ = {
			isa = PBXGroup;
			children = (
				D26E297A1CB202C400A30681 /* week05 */,
			);
			name = Products;
			sourceTree = "<group>";
		};
		D26E297C1CB202C400A30681 /* week05 */ = {
			isa = PBXGroup;
			children = (
				D26E29891CB203C600A30681 /* cube.obj */,
				D26E297D1CB202C400A30681 /* main.cpp */,
			);
			path = week05;
			sourceTree = "<group>";
		};
/* End PBXGroup section */

/* Begin PBXNativeTarget section */
		D26E29791CB202C400A30681 /* week05 */ = {
			isa = PBXNativeTarget;
			buildConfigurationList = D26E29811CB202C400A30681 /* Build configuration list for PBXNativeTarget "week05" */;
			buildPhases = (
				D26E29761CB202C400A30681 /* Sources */,
				D26E29771CB202C400A30681 /* Frameworks */,
				D26E29781CB202C400A30681 /* CopyFiles */,
			);
			buildRules = (
			);
			dependencies = (
			);
			name = week05;
			productName = week05;
			productReference = D26E297A1CB202C400A30681 /* week05 */;
			productType = "com.apple.product-type.tool";
		};
/* End PBXNativeTarget section */

/* Begin PBXProject section */
		D26E29721CB202C400A30681 /* Project object */ = {
			isa = PBXProject;
			attributes = {
				KnownAssetTags = (
					New,
				);
				LastUpgradeCheck = 0730;
				ORGANIZATIONNAME = DevSusu;
				TargetAttributes = {
					D26E29791CB202C400A30681 = {
						CreatedOnToolsVersion = 7.3;
					};
				};
			};
			buildConfigurationList = D26E29751CB202C400A30681 /* Build configuration list for PBXProject "week05" */;
			compatibilityVersion = "Xcode 3.2";
			developmentRegion = English;
			hasScannedForEncodings = 0;
			knownRegions = (
				en,
			);
			mainGroup = D26E29711CB202C400A30681;
			productRefGroup = D26E297B1CB202C400A30681 /* Products */;
			projectDirPath = "";
			projectRoot = "";
			targets = (
				D26E29791CB202C400A30681 /* week05 */,
			);
		};
/* End PBXProject section */

/* Begin PBXSourcesBuildPhase section */
		D26E29761CB202C400A30681 /* Sources */ = {
			isa = PBXSourcesBuildPhase;
			buildActionMask = 2147483647;
			files = (
				D26E297E1CB202C400A30681 /* main.cpp in Sources */,
			);
			runOnlyForDeploymentPostprocessing = 0;
		};
/* End PBXSourcesBuildPhase section */

/* Begin XCBuildConfiguration section */
		D26E297F1CB202C400A30681 /* Debug */ = {
			isa = XCBuildConfiguration;
			buildSettings = {
				ALWAYS_SEARCH_USER_PATHS = NO;
				CLANG_ANALYZER_NONNULL = YES;
				CLANG_CXX_LANGUAGE_STANDARD = "gnu++0x";
				CLANG_CXX_LIBRARY = "libc++";
				CLANG_ENABLE_MODULES = YES;
				CLANG_ENABLE_OBJC_ARC = YES;
				CLANG_WARN_BOOL_CONVERSION = YES;
				CLANG_WARN_CONSTANT_CONVERSION = YES;
				CLANG_WARN_DIRECT_OBJC_ISA_USAGE = YES_ERROR;
				CLANG_WARN_EMPTY_BODY = YES;
				CLANG_WARN_ENUM_CONVERSION = YES;
				CLANG_WARN_INT_CONVERSION = YES;
				CLANG_WARN_OBJC_ROOT_CLASS = YES_ERROR;
				CLANG_WARN_UNREACHABLE_CODE = YES;
				CLANG_WARN__DUPLICATE_METHOD_MATCH = YES;
				CODE_SIGN_IDENTITY = "-";
				COPY_PHASE_STRIP = NO;
				DEBUG_INFORMATION_FORMAT = dwarf;
				ENABLE_STRICT_OBJC_MSGSEND = YES;
				ENABLE_TESTABILITY = YES;
				GCC_C_LANGUAGE_STANDARD = gnu99;
				GCC_DYNAMIC_NO_PIC = NO;
				GCC_NO_COMMON_BLOCKS = YES;
				GCC_OPTIMIZATION_LEVEL = 0;
				GCC_PREPROCESSOR_DEFINITIONS = (
					"DEBUG=1",
					"$(inherited)",
				);
				GCC_WARN_64_TO_32_BIT_CONVERSION = YES;
				GCC_WARN_ABOUT_RETURN_TYPE = YES_ERROR;
				GCC_WARN_UNDECLARED_SELECTOR = YES;
				GCC_WARN_UNINITIALIZED_AUTOS = YES_AGGRESSIVE;
				GCC_WARN_UNUSED_FUNCTION = YES;
				GCC_WARN_UNUSED_VARIABLE = YES;
				MACOSX_DEPLOYMENT_TARGET = 10.11;
				MTL_ENABLE_DEBUG_INFO = YES;
				ONLY_ACTIVE_ARCH = YES;
				SDKROOT = macosx;
			};
			name = Debug;
		};
		D26E29801CB202C400A30681 /* Release */ = {
			isa = XCBuildConfiguration;
			buildSettings = {
				ALWAYS_SEARCH_USER_PATHS = NO;
				CLANG_ANALYZER_NONNULL = YES;
				CLANG_CXX_LANGUAGE_STANDARD = "gnu++0x";
				CLANG_CXX_LIBRARY = "libc++";
				CLANG_ENABLE_MODULES = YES;
				CLANG_ENABLE_OBJC_ARC = YES;
				CLANG_WARN_BOOL_CONVERSION = YES;
				CLANG_WARN_CONSTANT_CONVERSION = YES;
				CLANG_WARN_DIRECT_OBJC_ISA_USAGE = YES_ERROR;
				CLANG_WARN_EMPTY_BODY = YES;
				CLANG_WARN_ENUM_CONVERSION = YES;
				CLANG_WARN_INT_CONVERSION = YES;
				CLANG_WARN_OBJC_ROOT_CLASS = YES_ERROR;
				CLANG_WARN_UNREACHABLE_CODE = YES;
				CLANG_WARN__DUPLICATE_METHOD_MATCH = YES;
				CODE_SIGN_IDENTITY = "-";
				COPY_PHASE_STRIP = NO;
				DEBUG_INFORMATION_FORMAT = "dwarf-with-dsym";
				ENABLE_NS_ASSERTIONS = NO;
				ENABLE_STRICT_OBJC_MSGSEND = YES;
				GCC_C_LANGUAGE_STANDARD = gnu99;
				GCC_NO_COMMON_BLOCKS = YES;
				GCC_WARN_64_TO_32_BIT_CONVERSION = YES;
				GCC_WARN_ABOUT_RETURN_TYPE = YES_ERROR;
				GCC_WARN_UNDECLARED_SELECTOR = YES;
				GCC_WARN_UNINITIALIZED_AUTOS = YES_AGGRESSIVE;
				GCC_WARN_UNUSED_FUNCTION = YES;
				GCC_WARN_UNUSED_VARIABLE = YES;
				MACOSX_DEPLOYMENT_TARGET = 10.11;
				MTL_ENABLE_DEBUG_INFO = NO;
				SDKROOT = macosx;
			};
			name = Release;
		};
		D26E29821CB202C400A30681 /* Debug */ = {
			isa = XCBuildConfiguration;
			buildSettings = {
				PRODUCT_NAME = "$(TARGET_NAME)";
			};
			name = Debug;
		};
		D26E29831CB202C400A30681 /* Release */ = {
			isa = XCBuildConfiguration;
			buildSettings = {
				PRODUCT_NAME = "$(TARGET_NAME)";
			};
			name = Release;
		};
/* End XCBuildConfiguration section */

/* Begin XCConfigurationList section */
		D26E29751CB202C400A30681 /* Build configuration list for PBXProject "week05" */ = {
			isa = XCConfigurationList;
			buildConfigurations = (
				D26E297F1CB202C400A30681 /* Debug */,
				D26E29801CB202C400A30681 /* Release */,
			);
			defaultConfigurationIsVisible = 0;
			defaultConfigurationName = Release;
		};
		D26E29811CB202C400A30681 /* Build configuration list for PBXNativeTarget "week05" */ = {
			isa = XCConfigurationList;
			buildConfigurations = (
				D26E29821CB202C400A30681 /* Debug */,
				D26E29831CB202C400A30681 /* Release */,
			);
			defaultConfigurationIsVisible = 0;
		};
/* End XCConfigurationList section */
	};
	rootObject = D26E29721CB202C400A30681 /* Project object */;
}
